
Microsoft Visual Studio Solution File, Format Version 12.00
# Visual Studio Version 17
VisualStudioVersion = 17.0.31912.275
MinimumVisualStudioVersion = 10.0.40219.1
Project("{FAE04EC0-301F-11D3-BF4B-00C04F79EFBC}") = "ControleAcesso", "ControleAcesso.csproj", "{146EFAA8-6887-4088-A193-9FE9106DF8FE}"
EndProject
Global
	GlobalSection(SolutionConfigurationPlatforms) = preSolution
		Debug|Any CPU = Debug|Any CPU
		Release|Any CPU = Release|Any CPU
	EndGlobalSection
	GlobalSection(ProjectConfigurationPlatforms) = postSolution
		{146EFAA8-6887-4088-A193-9FE9106DF8FE}.Debug|Any CPU.ActiveCfg = Debug|Any CPU
		{146EFAA8-6887-4088-A193-9FE9106DF8FE}.Debug|Any CPU.Build.0 = Debug|Any CPU
		{146EFAA8-6887-4088-A193-9FE9106DF8FE}.Release|Any CPU.ActiveCfg = Release|Any CPU
		{146EFAA8-6887-4088-A193-9FE9106DF8FE}.Release|Any CPU.Build.0 = Release|Any CPU
	EndGlobalSection
	GlobalSection(SolutionProperties) = preSolution
		HideSolutionNode = FALSE
	EndGlobalSection
	GlobalSection(ExtensibilityGlobals) = postSolution
		SolutionGuid = {037DB067-E363-4B25-B936-480AE6DC6C63}
	EndGlobalSection
EndGlobal
