
Microsoft Visual Studio Solution File, Format Version 12.00
# Visual Studio Version 17
VisualStudioVersion = 17.0.32014.148
MinimumVisualStudioVersion = 10.0.40219.1
Project("{FAE04EC0-301F-11D3-BF4B-00C04F79EFBC}") = "ProjetoPetShop2022", "ProjetoPetShop2022\ProjetoPetShop2022.csproj", "{7E030E76-61F9-4406-89BD-90F226D12851}"
EndProject
Global
	GlobalSection(SolutionConfigurationPlatforms) = preSolution
		Debug|Any CPU = Debug|Any CPU
		Release|Any CPU = Release|Any CPU
	EndGlobalSection
	GlobalSection(ProjectConfigurationPlatforms) = postSolution
		{7E030E76-61F9-4406-89BD-90F226D12851}.Debug|Any CPU.ActiveCfg = Debug|Any CPU
		{7E030E76-61F9-4406-89BD-90F226D12851}.Debug|Any CPU.Build.0 = Debug|Any CPU
		{7E030E76-61F9-4406-89BD-90F226D12851}.Release|Any CPU.ActiveCfg = Release|Any CPU
		{7E030E76-61F9-4406-89BD-90F226D12851}.Release|Any CPU.Build.0 = Release|Any CPU
	EndGlobalSection
	GlobalSection(SolutionProperties) = preSolution
		HideSolutionNode = FALSE
	EndGlobalSection
	GlobalSection(ExtensibilityGlobals) = postSolution
		SolutionGuid = {5D5BAA77-14AF-499E-8047-8046E16CA426}
	EndGlobalSection
EndGlobal
